
Microsoft Visual Studio Solution File, Format Version 12.00
# Visual Studio 15
VisualStudioVersion = 15.0.28010.2026
MinimumVisualStudioVersion = 10.0.40219.1
Project("{9A19103F-16F7-4668-BE54-9A1E7A4F7556}") = "FuzzyMatch.Api", "FuzzyMatch.Api\FuzzyMatch.Api.csproj", "{53456CB7-4879-4CC3-BB62-D83C2A36E57B}"
EndProject
Project("{9A19103F-16F7-4668-BE54-9A1E7A4F7556}") = "MediatR.CQRS", "MediatR.CQRS\MediatR.CQRS.csproj", "{E65C65E0-E95A-4800-BF2F-9BA0272BFEA1}"
EndProject
Project("{2150E333-8FDC-42A3-9474-1A3956D46DE8}") = "Solution Items", "Solution Items", "{151D8C2F-D507-4760-A2FD-EBCBB6F8BE70}"
	ProjectSection(SolutionItems) = preProject
		..\.dockerignore = ..\.dockerignore
		..\.gitignore = ..\.gitignore
		..\.travis.yml = ..\.travis.yml
		..\docker-compose.yml = ..\docker-compose.yml
		..\Dockerfile = ..\Dockerfile
		..\README.md = ..\README.md
	EndProjectSection
EndProject
Project("{9A19103F-16F7-4668-BE54-9A1E7A4F7556}") = "QuickApi", "QuickApi\QuickApi.csproj", "{8451919B-0239-4628-98D6-D9CC03729D9C}"
EndProject
Project("{9A19103F-16F7-4668-BE54-9A1E7A4F7556}") = "FuzzyMatch.Worker", "FuzzyMatch.Worker\FuzzyMatch.Worker.csproj", "{C0D7EF6E-BF17-449B-ABE1-200539057AFE}"
EndProject
Project("{9A19103F-16F7-4668-BE54-9A1E7A4F7556}") = "FuzzyMatch.Core", "FuzzyMatch.Core\FuzzyMatch.Core.csproj", "{F092CE3F-E5D0-4D61-A36B-0F204776AE52}"
EndProject
Global
	GlobalSection(SolutionConfigurationPlatforms) = preSolution
		Debug|Any CPU = Debug|Any CPU
		Release|Any CPU = Release|Any CPU
	EndGlobalSection
	GlobalSection(ProjectConfigurationPlatforms) = postSolution
		{53456CB7-4879-4CC3-BB62-D83C2A36E57B}.Debug|Any CPU.ActiveCfg = Debug|Any CPU
		{53456CB7-4879-4CC3-BB62-D83C2A36E57B}.Debug|Any CPU.Build.0 = Debug|Any CPU
		{53456CB7-4879-4CC3-BB62-D83C2A36E57B}.Release|Any CPU.ActiveCfg = Release|Any CPU
		{53456CB7-4879-4CC3-BB62-D83C2A36E57B}.Release|Any CPU.Build.0 = Release|Any CPU
		{E65C65E0-E95A-4800-BF2F-9BA0272BFEA1}.Debug|Any CPU.ActiveCfg = Debug|Any CPU
		{E65C65E0-E95A-4800-BF2F-9BA0272BFEA1}.Debug|Any CPU.Build.0 = Debug|Any CPU
		{E65C65E0-E95A-4800-BF2F-9BA0272BFEA1}.Release|Any CPU.ActiveCfg = Release|Any CPU
		{E65C65E0-E95A-4800-BF2F-9BA0272BFEA1}.Release|Any CPU.Build.0 = Release|Any CPU
		{8451919B-0239-4628-98D6-D9CC03729D9C}.Debug|Any CPU.ActiveCfg = Debug|Any CPU
		{8451919B-0239-4628-98D6-D9CC03729D9C}.Debug|Any CPU.Build.0 = Debug|Any CPU
		{8451919B-0239-4628-98D6-D9CC03729D9C}.Release|Any CPU.ActiveCfg = Release|Any CPU
		{8451919B-0239-4628-98D6-D9CC03729D9C}.Release|Any CPU.Build.0 = Release|Any CPU
		{C0D7EF6E-BF17-449B-ABE1-200539057AFE}.Debug|Any CPU.ActiveCfg = Debug|Any CPU
		{C0D7EF6E-BF17-449B-ABE1-200539057AFE}.Debug|Any CPU.Build.0 = Debug|Any CPU
		{C0D7EF6E-BF17-449B-ABE1-200539057AFE}.Release|Any CPU.ActiveCfg = Release|Any CPU
		{C0D7EF6E-BF17-449B-ABE1-200539057AFE}.Release|Any CPU.Build.0 = Release|Any CPU
		{F092CE3F-E5D0-4D61-A36B-0F204776AE52}.Debug|Any CPU.ActiveCfg = Debug|Any CPU
		{F092CE3F-E5D0-4D61-A36B-0F204776AE52}.Debug|Any CPU.Build.0 = Debug|Any CPU
		{F092CE3F-E5D0-4D61-A36B-0F204776AE52}.Release|Any CPU.ActiveCfg = Release|Any CPU
		{F092CE3F-E5D0-4D61-A36B-0F204776AE52}.Release|Any CPU.Build.0 = Release|Any CPU
	EndGlobalSection
	GlobalSection(SolutionProperties) = preSolution
		HideSolutionNode = FALSE
	EndGlobalSection
	GlobalSection(ExtensibilityGlobals) = postSolution
		SolutionGuid = {E6B71446-70A4-4BFE-ACD8-D97BF7CCD293}
	EndGlobalSection
EndGlobal
